
Microsoft Visual Studio Solution File, Format Version 12.00
Project("{FAE04EC0-301F-11D3-BF4B-00C04F79EFBC}") = "WebAppV3", "WebAppV3\WebAppV3.csproj", "{80175796-9BA8-4E15-92B1-AD95A6554BCB}"
EndProject
Global
	GlobalSection(SolutionConfigurationPlatforms) = preSolution
		Debug|Any CPU = Debug|Any CPU
		Release|Any CPU = Release|Any CPU
	EndGlobalSection
	GlobalSection(ProjectConfigurationPlatforms) = postSolution
		{80175796-9BA8-4E15-92B1-AD95A6554BCB}.Debug|Any CPU.ActiveCfg = Debug|Any CPU
		{80175796-9BA8-4E15-92B1-AD95A6554BCB}.Debug|Any CPU.Build.0 = Debug|Any CPU
		{80175796-9BA8-4E15-92B1-AD95A6554BCB}.Release|Any CPU.ActiveCfg = Release|Any CPU
		{80175796-9BA8-4E15-92B1-AD95A6554BCB}.Release|Any CPU.Build.0 = Release|Any CPU
	EndGlobalSection
EndGlobal
